
Microsoft Visual Studio Solution File, Format Version 12.00
# Visual Studio Version 17
VisualStudioVersion = 17.9.34714.143
MinimumVisualStudioVersion = 10.0.40219.1
Project("{9A19103F-16F7-4668-BE54-9A1E7A4F7556}") = "99.UnitTest", "99.UnitTest\99.UnitTest.csproj", "{A7FADD41-E207-4ED0-9DC2-AFC1C2108EA4}"
EndProject
Project("{9A19103F-16F7-4668-BE54-9A1E7A4F7556}") = "1.CodingInterview", "1.CodingInterview\1.CodingInterview.csproj", "{5081425B-7573-4B62-96CE-596A63FA03D8}"
EndProject
Project("{9A19103F-16F7-4668-BE54-9A1E7A4F7556}") = "2.KataExercises", "2.KataExercises\2.KataExercises.csproj", "{C6B2A644-E5F9-4BE1-AA4F-F877E397E3D0}"
EndProject
Project("{FAE04EC0-301F-11D3-BF4B-00C04F79EFBC}") = "3.Interviews", "3.Interviews\3.Interviews.csproj", "{A890064D-10E9-43E7-8337-CC50B30696FC}"
EndProject
Global
	GlobalSection(SolutionConfigurationPlatforms) = preSolution
		Debug|Any CPU = Debug|Any CPU
		Release|Any CPU = Release|Any CPU
	EndGlobalSection
	GlobalSection(ProjectConfigurationPlatforms) = postSolution
		{A7FADD41-E207-4ED0-9DC2-AFC1C2108EA4}.Debug|Any CPU.ActiveCfg = Debug|Any CPU
		{A7FADD41-E207-4ED0-9DC2-AFC1C2108EA4}.Debug|Any CPU.Build.0 = Debug|Any CPU
		{A7FADD41-E207-4ED0-9DC2-AFC1C2108EA4}.Release|Any CPU.ActiveCfg = Release|Any CPU
		{A7FADD41-E207-4ED0-9DC2-AFC1C2108EA4}.Release|Any CPU.Build.0 = Release|Any CPU
		{5081425B-7573-4B62-96CE-596A63FA03D8}.Debug|Any CPU.ActiveCfg = Debug|Any CPU
		{5081425B-7573-4B62-96CE-596A63FA03D8}.Debug|Any CPU.Build.0 = Debug|Any CPU
		{5081425B-7573-4B62-96CE-596A63FA03D8}.Release|Any CPU.ActiveCfg = Release|Any CPU
		{5081425B-7573-4B62-96CE-596A63FA03D8}.Release|Any CPU.Build.0 = Release|Any CPU
		{C6B2A644-E5F9-4BE1-AA4F-F877E397E3D0}.Debug|Any CPU.ActiveCfg = Debug|Any CPU
		{C6B2A644-E5F9-4BE1-AA4F-F877E397E3D0}.Debug|Any CPU.Build.0 = Debug|Any CPU
		{C6B2A644-E5F9-4BE1-AA4F-F877E397E3D0}.Release|Any CPU.ActiveCfg = Release|Any CPU
		{C6B2A644-E5F9-4BE1-AA4F-F877E397E3D0}.Release|Any CPU.Build.0 = Release|Any CPU
		{A890064D-10E9-43E7-8337-CC50B30696FC}.Debug|Any CPU.ActiveCfg = Debug|Any CPU
		{A890064D-10E9-43E7-8337-CC50B30696FC}.Debug|Any CPU.Build.0 = Debug|Any CPU
		{A890064D-10E9-43E7-8337-CC50B30696FC}.Release|Any CPU.ActiveCfg = Release|Any CPU
		{A890064D-10E9-43E7-8337-CC50B30696FC}.Release|Any CPU.Build.0 = Release|Any CPU
	EndGlobalSection
	GlobalSection(SolutionProperties) = preSolution
		HideSolutionNode = FALSE
	EndGlobalSection
	GlobalSection(ExtensibilityGlobals) = postSolution
		SolutionGuid = {9E62A892-9B2A-4BF6-BE7D-3C98BAB594FD}
	EndGlobalSection
EndGlobal
